
Microsoft Visual Studio Solution File, Format Version 12.00
# Visual Studio 15
VisualStudioVersion = 15.0.28010.2046
MinimumVisualStudioVersion = 10.0.40219.1
Project("{FAE04EC0-301F-11D3-BF4B-00C04F79EFBC}") = "Noughts And Crosses", "Noughts And Crosses\Noughts And Crosses.csproj", "{D2FAA171-90A2-45AC-B10C-67C502570A15}"
EndProject
Global
	GlobalSection(SolutionConfigurationPlatforms) = preSolution
		Debug|Any CPU = Debug|Any CPU
		Release|Any CPU = Release|Any CPU
	EndGlobalSection
	GlobalSection(ProjectConfigurationPlatforms) = postSolution
		{D2FAA171-90A2-45AC-B10C-67C502570A15}.Debug|Any CPU.ActiveCfg = Debug|Any CPU
		{D2FAA171-90A2-45AC-B10C-67C502570A15}.Debug|Any CPU.Build.0 = Debug|Any CPU
		{D2FAA171-90A2-45AC-B10C-67C502570A15}.Release|Any CPU.ActiveCfg = Release|Any CPU
		{D2FAA171-90A2-45AC-B10C-67C502570A15}.Release|Any CPU.Build.0 = Release|Any CPU
	EndGlobalSection
	GlobalSection(SolutionProperties) = preSolution
		HideSolutionNode = FALSE
	EndGlobalSection
	GlobalSection(ExtensibilityGlobals) = postSolution
		SolutionGuid = {E883AD95-7193-413B-97EA-1124A0CAAC21}
	EndGlobalSection
EndGlobal
